
Microsoft Visual Studio Solution File, Format Version 12.00
# Visual Studio Version 17
VisualStudioVersion = 17.6.33712.159
MinimumVisualStudioVersion = 10.0.40219.1
Project("{9A19103F-16F7-4668-BE54-9A1E7A4F7556}") = "StorageMarketProjectAPI", "StorageMarketProject\StorageMarketProjectAPI.csproj", "{453B1377-5D1E-4AB0-8D70-DB611732C577}"
EndProject
Project("{FAE04EC0-301F-11D3-BF4B-00C04F79EFBC}") = "StorageMarket", "StorageMarket\StorageMarket.csproj", "{196D098E-DFA8-4762-8C57-13A56A073E61}"
EndProject
Global
	GlobalSection(SolutionConfigurationPlatforms) = preSolution
		Debug|Any CPU = Debug|Any CPU
		Release|Any CPU = Release|Any CPU
	EndGlobalSection
	GlobalSection(ProjectConfigurationPlatforms) = postSolution
		{453B1377-5D1E-4AB0-8D70-DB611732C577}.Debug|Any CPU.ActiveCfg = Debug|Any CPU
		{453B1377-5D1E-4AB0-8D70-DB611732C577}.Debug|Any CPU.Build.0 = Debug|Any CPU
		{453B1377-5D1E-4AB0-8D70-DB611732C577}.Release|Any CPU.ActiveCfg = Release|Any CPU
		{453B1377-5D1E-4AB0-8D70-DB611732C577}.Release|Any CPU.Build.0 = Release|Any CPU
		{196D098E-DFA8-4762-8C57-13A56A073E61}.Debug|Any CPU.ActiveCfg = Debug|Any CPU
		{196D098E-DFA8-4762-8C57-13A56A073E61}.Debug|Any CPU.Build.0 = Debug|Any CPU
		{196D098E-DFA8-4762-8C57-13A56A073E61}.Release|Any CPU.ActiveCfg = Release|Any CPU
		{196D098E-DFA8-4762-8C57-13A56A073E61}.Release|Any CPU.Build.0 = Release|Any CPU
	EndGlobalSection
	GlobalSection(SolutionProperties) = preSolution
		HideSolutionNode = FALSE
	EndGlobalSection
	GlobalSection(ExtensibilityGlobals) = postSolution
		SolutionGuid = {38E61D3A-11B6-4CB7-B51E-B3BB96585A07}
	EndGlobalSection
EndGlobal
